# This file is automatically @generated by Poetry 1.5.1 and should not be changed by hand.

[[package]]
name = "customtkinter"
version = "5.1.3"
description = "Create modern looking GUIs with Python"
optional = false
python-versions = ">=3.7"
files = [
    {file = "customtkinter-5.1.3-py3-none-any.whl", hash = "sha256:f0a7ce6a66c0ebcc8f1cbd257b8f7d82c45e5f49f3bcdd98223e215e33e67961"},
    {file = "customtkinter-5.1.3.tar.gz", hash = "sha256:69a22f3ecfb6d481b566e2125acc8286f55e60c4fdc29990a4a4550250942380"},
]

[package.dependencies]
darkdetect = "*"

[[package]]
name = "darkdetect"
version = "0.8.0"
description = "Detect OS Dark Mode from Python"
optional = false
python-versions = ">=3.6"
files = [
    {file = "darkdetect-0.8.0-py3-none-any.whl", hash = "sha256:a7509ccf517eaad92b31c214f593dbcf138ea8a43b2935406bbd565e15527a85"},
    {file = "darkdetect-0.8.0.tar.gz", hash = "sha256:b5428e1170263eb5dea44c25dc3895edd75e6f52300986353cd63533fe7df8b1"},
]

[package.extras]
macos-listener = ["pyobjc-framework-Cocoa"]

[[package]]
name = "peewee"
version = "3.16.2"
description = "a little orm"
optional = false
python-versions = "*"
files = [
    {file = "peewee-3.16.2.tar.gz", hash = "sha256:10769981198c7311f84a0ca8db892fa213303a8eb1305deb795a71e7bd606a91"},
]

[[package]]
name = "pyperclip"
version = "1.8.2"
description = "A cross-platform clipboard module for Python. (Only handles plain text for now.)"
optional = false
python-versions = "*"
files = [
    {file = "pyperclip-1.8.2.tar.gz", hash = "sha256:105254a8b04934f0bc84e9c24eb360a591aaf6535c9def5f29d92af107a9bf57"},
]

[metadata]
lock-version = "2.0"
python-versions = "^3.10"
content-hash = "38e95d49d94c477250840347e8072a0ed119e72db29a8ee8307c66adf4c24452"
